
Microsoft Visual Studio Solution File, Format Version 12.00
# Visual Studio Version 17
VisualStudioVersion = 17.6.33815.320
MinimumVisualStudioVersion = 10.0.40219.1
Project("{FAE04EC0-301F-11D3-BF4B-00C04F79EFBC}") = "SimmetrixMatrix", "SimmetrixMatrix\SimmetrixMatrix.csproj", "{580D3736-1FC4-44CA-BE30-C934B321F0DF}"
EndProject
Global
	GlobalSection(SolutionConfigurationPlatforms) = preSolution
		Debug|Any CPU = Debug|Any CPU
		Release|Any CPU = Release|Any CPU
	EndGlobalSection
	GlobalSection(ProjectConfigurationPlatforms) = postSolution
		{580D3736-1FC4-44CA-BE30-C934B321F0DF}.Debug|Any CPU.ActiveCfg = Debug|Any CPU
		{580D3736-1FC4-44CA-BE30-C934B321F0DF}.Debug|Any CPU.Build.0 = Debug|Any CPU
		{580D3736-1FC4-44CA-BE30-C934B321F0DF}.Release|Any CPU.ActiveCfg = Release|Any CPU
		{580D3736-1FC4-44CA-BE30-C934B321F0DF}.Release|Any CPU.Build.0 = Release|Any CPU
	EndGlobalSection
	GlobalSection(SolutionProperties) = preSolution
		HideSolutionNode = FALSE
	EndGlobalSection
	GlobalSection(ExtensibilityGlobals) = postSolution
		SolutionGuid = {409D95DC-AFB4-4992-879B-3B5A88A2A437}
	EndGlobalSection
EndGlobal
